
Microsoft Visual Studio Solution File, Format Version 12.00
# Visual Studio Version 16
VisualStudioVersion = 16.0.30907.101
MinimumVisualStudioVersion = 10.0.40219.1
Project("{9A19103F-16F7-4668-BE54-9A1E7A4F7556}") = "kampIntro", "KampIntro\kampIntro.csproj", "{5DA82C1D-7E1D-4158-A867-6371C5EA14BD}"
EndProject
Project("{9A19103F-16F7-4668-BE54-9A1E7A4F7556}") = "Donguler", "Donguler\Donguler.csproj", "{EF1B99CB-9FB8-47BD-9978-544E555ED175}"
EndProject
Project("{9A19103F-16F7-4668-BE54-9A1E7A4F7556}") = "ClassIntro", "ClassIntro\ClassIntro.csproj", "{34DF9CBF-582F-4ABC-8040-1F33F6C8A0F0}"
EndProject
Project("{9A19103F-16F7-4668-BE54-9A1E7A4F7556}") = "Metotlar", "Metotlar\Metotlar.csproj", "{14017056-1414-404B-854E-F1A800E65289}"
EndProject
Project("{9A19103F-16F7-4668-BE54-9A1E7A4F7556}") = "DegerVeReferansTipler", "DegerVeReferansTipler\DegerVeReferansTipler.csproj", "{6295D62C-BACC-4D6A-9636-FD1AF3723970}"
EndProject
Project("{9A19103F-16F7-4668-BE54-9A1E7A4F7556}") = "Deneme1", "Deneme1\Deneme1.csproj", "{EB44A416-A90A-4EEE-B201-323C8AE8A886}"
EndProject
Project("{FAE04EC0-301F-11D3-BF4B-00C04F79EFBC}") = "Deneme2", "Deneme2\Deneme2.csproj", "{496C5C4F-577D-49E1-A37D-324FC760311F}"
EndProject
Global
	GlobalSection(SolutionConfigurationPlatforms) = preSolution
		Debug|Any CPU = Debug|Any CPU
		Release|Any CPU = Release|Any CPU
	EndGlobalSection
	GlobalSection(ProjectConfigurationPlatforms) = postSolution
		{5DA82C1D-7E1D-4158-A867-6371C5EA14BD}.Debug|Any CPU.ActiveCfg = Debug|Any CPU
		{5DA82C1D-7E1D-4158-A867-6371C5EA14BD}.Debug|Any CPU.Build.0 = Debug|Any CPU
		{5DA82C1D-7E1D-4158-A867-6371C5EA14BD}.Release|Any CPU.ActiveCfg = Release|Any CPU
		{5DA82C1D-7E1D-4158-A867-6371C5EA14BD}.Release|Any CPU.Build.0 = Release|Any CPU
		{EF1B99CB-9FB8-47BD-9978-544E555ED175}.Debug|Any CPU.ActiveCfg = Debug|Any CPU
		{EF1B99CB-9FB8-47BD-9978-544E555ED175}.Debug|Any CPU.Build.0 = Debug|Any CPU
		{EF1B99CB-9FB8-47BD-9978-544E555ED175}.Release|Any CPU.ActiveCfg = Release|Any CPU
		{EF1B99CB-9FB8-47BD-9978-544E555ED175}.Release|Any CPU.Build.0 = Release|Any CPU
		{34DF9CBF-582F-4ABC-8040-1F33F6C8A0F0}.Debug|Any CPU.ActiveCfg = Debug|Any CPU
		{34DF9CBF-582F-4ABC-8040-1F33F6C8A0F0}.Debug|Any CPU.Build.0 = Debug|Any CPU
		{34DF9CBF-582F-4ABC-8040-1F33F6C8A0F0}.Release|Any CPU.ActiveCfg = Release|Any CPU
		{34DF9CBF-582F-4ABC-8040-1F33F6C8A0F0}.Release|Any CPU.Build.0 = Release|Any CPU
		{14017056-1414-404B-854E-F1A800E65289}.Debug|Any CPU.ActiveCfg = Debug|Any CPU
		{14017056-1414-404B-854E-F1A800E65289}.Debug|Any CPU.Build.0 = Debug|Any CPU
		{14017056-1414-404B-854E-F1A800E65289}.Release|Any CPU.ActiveCfg = Release|Any CPU
		{14017056-1414-404B-854E-F1A800E65289}.Release|Any CPU.Build.0 = Release|Any CPU
		{6295D62C-BACC-4D6A-9636-FD1AF3723970}.Debug|Any CPU.ActiveCfg = Debug|Any CPU
		{6295D62C-BACC-4D6A-9636-FD1AF3723970}.Debug|Any CPU.Build.0 = Debug|Any CPU
		{6295D62C-BACC-4D6A-9636-FD1AF3723970}.Release|Any CPU.ActiveCfg = Release|Any CPU
		{6295D62C-BACC-4D6A-9636-FD1AF3723970}.Release|Any CPU.Build.0 = Release|Any CPU
		{EB44A416-A90A-4EEE-B201-323C8AE8A886}.Debug|Any CPU.ActiveCfg = Debug|Any CPU
		{EB44A416-A90A-4EEE-B201-323C8AE8A886}.Debug|Any CPU.Build.0 = Debug|Any CPU
		{EB44A416-A90A-4EEE-B201-323C8AE8A886}.Release|Any CPU.ActiveCfg = Release|Any CPU
		{EB44A416-A90A-4EEE-B201-323C8AE8A886}.Release|Any CPU.Build.0 = Release|Any CPU
		{496C5C4F-577D-49E1-A37D-324FC760311F}.Debug|Any CPU.ActiveCfg = Debug|Any CPU
		{496C5C4F-577D-49E1-A37D-324FC760311F}.Debug|Any CPU.Build.0 = Debug|Any CPU
		{496C5C4F-577D-49E1-A37D-324FC760311F}.Release|Any CPU.ActiveCfg = Release|Any CPU
		{496C5C4F-577D-49E1-A37D-324FC760311F}.Release|Any CPU.Build.0 = Release|Any CPU
	EndGlobalSection
	GlobalSection(SolutionProperties) = preSolution
		HideSolutionNode = FALSE
	EndGlobalSection
	GlobalSection(ExtensibilityGlobals) = postSolution
		SolutionGuid = {479D1040-55E8-46D6-B2CA-1CC8CD00D438}
	EndGlobalSection
EndGlobal
